
Microsoft Visual Studio Solution File, Format Version 12.00
# Visual Studio Version 16
VisualStudioVersion = 25.0.1704.3
MinimumVisualStudioVersion = 10.0.40219.1
Project("{FAE04EC0-301F-11D3-BF4B-00C04F79EFBC}") = "BasicCorePrograms_CSharp", "BasicCorePrograms_CSharp\BasicCorePrograms_CSharp.csproj", "{62D1194E-6B6A-4BEE-97C5-0B767B3EB5BC}"
EndProject
Global
	GlobalSection(SolutionConfigurationPlatforms) = preSolution
		Debug|Any CPU = Debug|Any CPU
		Release|Any CPU = Release|Any CPU
	EndGlobalSection
	GlobalSection(ProjectConfigurationPlatforms) = postSolution
		{62D1194E-6B6A-4BEE-97C5-0B767B3EB5BC}.Debug|Any CPU.ActiveCfg = Debug|Any CPU
		{62D1194E-6B6A-4BEE-97C5-0B767B3EB5BC}.Debug|Any CPU.Build.0 = Debug|Any CPU
		{62D1194E-6B6A-4BEE-97C5-0B767B3EB5BC}.Release|Any CPU.ActiveCfg = Release|Any CPU
		{62D1194E-6B6A-4BEE-97C5-0B767B3EB5BC}.Release|Any CPU.Build.0 = Release|Any CPU
	EndGlobalSection
	GlobalSection(SolutionProperties) = preSolution
		HideSolutionNode = FALSE
	EndGlobalSection
	GlobalSection(ExtensibilityGlobals) = postSolution
		SolutionGuid = {94515C91-526D-4F8C-B5D0-788424710097}
	EndGlobalSection
EndGlobal
